<?xml version="1.0" encoding="utf-8"?>
<Project ToolsVersion="4.0" xmlns="http://schemas.microsoft.com/developer/msbuild/2003">
  <ItemGroup>
    <Filter Include="Source Files">
      <UniqueIdentifier>{4FC737F1-C7A5-4376-A066-2A32D752A2FF}</UniqueIdentifier>
      <Extensions>cpp;c;cc;cxx;def;odl;idl;hpj;bat;asm;asmx</Extensions>
    </Filter>
    <Filter Include="Header Files">
      <UniqueIdentifier>{93995380-89BD-4b04-88EB-625FBE52EBFB}</UniqueIdentifier>
      <Extensions>h;hpp;hxx;hm;inl;inc;xsd</Extensions>
    </Filter>
  </ItemGroup>
  <ItemGroup>
    <ClInclude Include="route.h">
      <Filter>Header Files</Filter>
    </ClInclude>
    <ClInclude Include="customer.h">
      <Filter>Header Files</Filter>
    </ClInclude>
    <ClInclude Include="instance.h">
      <Filter>Header Files</Filter>
    </ClInclude>
    <ClInclude Include="utility.h">
      <Filter>Header Files</Filter>
    </ClInclude>
    <ClInclude Include="terminationCriteria.h">
      <Filter>Header Files</Filter>
    </ClInclude>
    <ClInclude Include="solver.h">
      <Filter>Header Files</Filter>
    </ClInclude>
    <ClInclude Include="neighbor.h">
      <Filter>Header Files</Filter>
    </ClInclude>
    <ClInclude Include="selection.h">
      <Filter>Header Files</Filter>
    </ClInclude>
    <ClInclude Include="solution.h">
      <Filter>Header Files</Filter>
    </ClInclude>
    <ClInclude Include="hillclimbing.h">
      <Filter>Header Files</Filter>
    </ClInclude>
    <ClInclude Include="greatdeluge.h">
      <Filter>Header Files</Filter>
    </ClInclude>
    <ClInclude Include="GDHillclimbing.h">
      <Filter>Header Files</Filter>
    </ClInclude>
    <ClInclude Include="iteratedlocalsearch.h">
      <Filter>Header Files</Filter>
    </ClInclude>
    <ClInclude Include="simulatedannealing.h">
      <Filter>Header Files</Filter>
    </ClInclude>
    <ClInclude Include="randomhillclimbing.h">
      <Filter>Header Files</Filter>
    </ClInclude>
    <ClInclude Include="cuckoosearch_best.h">
      <Filter>Header Files</Filter>
    </ClInclude>
    <ClInclude Include="cuckoosearch_rand.h">
      <Filter>Header Files</Filter>
    </ClInclude>
  </ItemGroup>
  <ItemGroup>
    <ClCompile Include="route.cpp">
      <Filter>Source Files</Filter>
    </ClCompile>
    <ClCompile Include="main.cpp">
      <Filter>Source Files</Filter>
    </ClCompile>
    <ClCompile Include="customer.cpp">
      <Filter>Source Files</Filter>
    </ClCompile>
    <ClCompile Include="instance.cpp">
      <Filter>Source Files</Filter>
    </ClCompile>
    <ClCompile Include="solution.cpp">
      <Filter>Source Files</Filter>
    </ClCompile>
    <ClCompile Include="utility.cpp">
      <Filter>Source Files</Filter>
    </ClCompile>
    <ClCompile Include="terminationCriteria.cpp">
      <Filter>Source Files</Filter>
    </ClCompile>
    <ClCompile Include="neighbor.cpp">
      <Filter>Source Files</Filter>
    </ClCompile>
    <ClCompile Include="selection.cpp">
      <Filter>Source Files</Filter>
    </ClCompile>
    <ClCompile Include="hillclimbing.cpp">
      <Filter>Source Files</Filter>
    </ClCompile>
    <ClCompile Include="greatdeluge.cpp">
      <Filter>Source Files</Filter>
    </ClCompile>
    <ClCompile Include="GDHillclimbing.cpp">
      <Filter>Source Files</Filter>
    </ClCompile>
    <ClCompile Include="iteratedlocalsearch.cpp">
      <Filter>Source Files</Filter>
    </ClCompile>
    <ClCompile Include="simulatedannealing.cpp">
      <Filter>Source Files</Filter>
    </ClCompile>
    <ClCompile Include="randomhillclimbing.cpp">
      <Filter>Source Files</Filter>
    </ClCompile>
    <ClCompile Include="cuckoosearch-random.cpp">
      <Filter>Source Files</Filter>
    </ClCompile>
    <ClCompile Include="cuckoosearch-best.cpp">
      <Filter>Source Files</Filter>
    </ClCompile>
  </ItemGroup>
</Project>